{
  "name": "bdprod",
  "version": "1.0.0",
  "lockfileVersion": 3,
  "requires": true,
  "packages": {
    "": {
      "name": "bdprod",
      "version": "1.0.0",
      "license": "ISC",
      "dependencies": {
        "fancytree": "^0.0.0",
        "jquery.fancytree": "^2.38.3",
        "photoswipe": "^5.4.3"
      }
    },
    "node_modules/fancytree": {
      "version": "0.0.0",
      "resolved": "https://registry.npmjs.org/fancytree/-/fancytree-0.0.0.tgz",
      "integrity": "sha512-AHLU3eANux1PGrNE/N2UeRnkxzVgmi7FVkL2ll1AGnMKsGmg6qxgGGoYQC8AyrMZe96LGoQAgpmVKCGf+t7tKg=="
    },
    "node_modules/jquery": {
      "version": "3.7.1",
      "resolved": "https://registry.npmjs.org/jquery/-/jquery-3.7.1.tgz",
      "integrity": "sha512-m4avr8yL8kmFN8psrbFFFmB/If14iN5o9nw/NgnnM+kybDJpRsAynV2BsfpTYrTRysYUdADVD7CkUUizgkpLfg==",
      "peer": true
    },
    "node_modules/jquery.fancytree": {
      "version": "2.38.3",
      "resolved": "https://registry.npmjs.org/jquery.fancytree/-/jquery.fancytree-2.38.3.tgz",
      "integrity": "sha512-C3CJcp4sPThy497YBXZNrDSVn/B34sv6kB+toC8gfHrPvJWgYkL3NSMovBxXo6fN6yXUnvWhWaON/ejG3Nsxdg==",
      "peerDependencies": {
        "jquery": ">=1.9"
      }
    },
    "node_modules/photoswipe": {
      "version": "5.4.3",
      "resolved": "https://registry.npmjs.org/photoswipe/-/photoswipe-5.4.3.tgz",
      "integrity": "sha512-9UC6oJBK4oXFZ5HcdlcvGkfEHsVrmE4csUdCQhEjHYb3PvPLO3PG7UhnPuOgjxwmhq5s17Un5NUdum01LgBDng==",
      "engines": {
        "node": ">= 0.12.0"
      }
    }
  }
}
